
Microsoft Visual Studio Solution File, Format Version 12.00
Project("{FAE04EC0-301F-11D3-BF4B-00C04F79EFBC}") = "BrunsonHome.API", "BrunsonHome.API\BrunsonHome.API.csproj", "{EB37A506-C4A3-4140-B07F-55DAC426333B}"
EndProject
Project("{FAE04EC0-301F-11D3-BF4B-00C04F79EFBC}") = "BrunsonHome.Shared", "BrunsonHome.Shared\BrunsonHome.Shared.csproj", "{A176F023-05F6-44E8-86CE-62CC3014D1AB}"
EndProject
Global
	GlobalSection(SolutionConfigurationPlatforms) = preSolution
		Debug|Any CPU = Debug|Any CPU
		Release|Any CPU = Release|Any CPU
	EndGlobalSection
	GlobalSection(ProjectConfigurationPlatforms) = postSolution
		{EB37A506-C4A3-4140-B07F-55DAC426333B}.Debug|Any CPU.ActiveCfg = Debug|Any CPU
		{EB37A506-C4A3-4140-B07F-55DAC426333B}.Debug|Any CPU.Build.0 = Debug|Any CPU
		{EB37A506-C4A3-4140-B07F-55DAC426333B}.Release|Any CPU.ActiveCfg = Release|Any CPU
		{EB37A506-C4A3-4140-B07F-55DAC426333B}.Release|Any CPU.Build.0 = Release|Any CPU
		{A176F023-05F6-44E8-86CE-62CC3014D1AB}.Debug|Any CPU.ActiveCfg = Debug|Any CPU
		{A176F023-05F6-44E8-86CE-62CC3014D1AB}.Debug|Any CPU.Build.0 = Debug|Any CPU
		{A176F023-05F6-44E8-86CE-62CC3014D1AB}.Release|Any CPU.ActiveCfg = Release|Any CPU
		{A176F023-05F6-44E8-86CE-62CC3014D1AB}.Release|Any CPU.Build.0 = Release|Any CPU
	EndGlobalSection
EndGlobal
